
Microsoft Visual Studio Solution File, Format Version 12.00
# Visual Studio Version 18
VisualStudioVersion = 18.3.11505.172
MinimumVisualStudioVersion = 10.0.40219.1
Project("{2150E333-8FDC-42A3-9474-1A3956D46DE8}") = "PFS", "PFS", "{3DE1B605-097D-4BF8-BE1E-FFF7E1B5C3B6}"
EndProject
Project("{9A19103F-16F7-4668-BE54-9A1E7A4F7556}") = "PfsConfig", "PFS\PfsConfig\PfsConfig.csproj", "{5DE923BB-D23E-45D7-B4D2-76B373D2E980}"
EndProject
Project("{9A19103F-16F7-4668-BE54-9A1E7A4F7556}") = "PfsTypes", "PFS\PfsTypes\PfsTypes.csproj", "{F84195F2-D942-4416-B5CB-02C5F59C6D6F}"
EndProject
Project("{9A19103F-16F7-4668-BE54-9A1E7A4F7556}") = "PfsExtProviders", "PFS\PfsExtProviders\PfsExtProviders.csproj", "{4FE24FF2-47E9-4204-B686-51CD82E5F256}"
EndProject
Project("{9A19103F-16F7-4668-BE54-9A1E7A4F7556}") = "Client", "PFS\Client\Client.csproj", "{F25AFC4A-7E71-4DE8-9029-01EFAC0F8414}"
EndProject
Project("{9A19103F-16F7-4668-BE54-9A1E7A4F7556}") = "PfsUI", "PfsUI\PfsUI.csproj", "{9A33BAF1-36D7-42E5-9177-E3C0F9B7BFB5}"
EndProject
Project("{9A19103F-16F7-4668-BE54-9A1E7A4F7556}") = "PfsHelpers", "PFS\PfsHelpers\PfsHelpers.csproj", "{AA68044E-C901-4DBF-A8A8-B8D9AEE8F949}"
EndProject
Project("{9A19103F-16F7-4668-BE54-9A1E7A4F7556}") = "PfsReports", "PFS\PfsReports\PfsReports.csproj", "{80651926-24A8-4DF8-A29A-FAC140282EF7}"
EndProject
Project("{9A19103F-16F7-4668-BE54-9A1E7A4F7556}") = "PfsExtFetch", "PFS\PfsExtFetch\PfsExtFetch.csproj", "{82841321-65E7-45D3-AC30-90F82D89FF51}"
EndProject
Project("{9A19103F-16F7-4668-BE54-9A1E7A4F7556}") = "PfsExtTransactions", "PFS\PfsExtTransactions\PfsExtTransactions.csproj", "{26987725-FA02-4DD2-A6A8-2FFF98263115}"
EndProject
Project("{9A19103F-16F7-4668-BE54-9A1E7A4F7556}") = "PfsData", "PFS\PfsData\PfsData.csproj", "{B18E4E39-1B21-442F-B542-2100945BB10F}"
EndProject
Project("{FAE04EC0-301F-11D3-BF4B-00C04F79EFBC}") = "PfsData.Tests", "PFS\PfsData.Tests\PfsData.Tests.csproj", "{7C97CCE5-716A-A9DB-3EBB-4D467AFDC1D0}"
EndProject
Global
	GlobalSection(SolutionConfigurationPlatforms) = preSolution
		Debug|Any CPU = Debug|Any CPU
		Debug|x64 = Debug|x64
		Debug|x86 = Debug|x86
		Release|Any CPU = Release|Any CPU
		Release|x64 = Release|x64
		Release|x86 = Release|x86
	EndGlobalSection
	GlobalSection(ProjectConfigurationPlatforms) = postSolution
		{5DE923BB-D23E-45D7-B4D2-76B373D2E980}.Debug|Any CPU.ActiveCfg = Debug|Any CPU
		{5DE923BB-D23E-45D7-B4D2-76B373D2E980}.Debug|Any CPU.Build.0 = Debug|Any CPU
		{5DE923BB-D23E-45D7-B4D2-76B373D2E980}.Debug|x64.ActiveCfg = Debug|Any CPU
		{5DE923BB-D23E-45D7-B4D2-76B373D2E980}.Debug|x64.Build.0 = Debug|Any CPU
		{5DE923BB-D23E-45D7-B4D2-76B373D2E980}.Debug|x86.ActiveCfg = Debug|Any CPU
		{5DE923BB-D23E-45D7-B4D2-76B373D2E980}.Debug|x86.Build.0 = Debug|Any CPU
		{5DE923BB-D23E-45D7-B4D2-76B373D2E980}.Release|Any CPU.ActiveCfg = Release|Any CPU
		{5DE923BB-D23E-45D7-B4D2-76B373D2E980}.Release|Any CPU.Build.0 = Release|Any CPU
		{5DE923BB-D23E-45D7-B4D2-76B373D2E980}.Release|x64.ActiveCfg = Release|Any CPU
		{5DE923BB-D23E-45D7-B4D2-76B373D2E980}.Release|x64.Build.0 = Release|Any CPU
		{5DE923BB-D23E-45D7-B4D2-76B373D2E980}.Release|x86.ActiveCfg = Release|Any CPU
		{5DE923BB-D23E-45D7-B4D2-76B373D2E980}.Release|x86.Build.0 = Release|Any CPU
		{F84195F2-D942-4416-B5CB-02C5F59C6D6F}.Debug|Any CPU.ActiveCfg = Debug|Any CPU
		{F84195F2-D942-4416-B5CB-02C5F59C6D6F}.Debug|Any CPU.Build.0 = Debug|Any CPU
		{F84195F2-D942-4416-B5CB-02C5F59C6D6F}.Debug|x64.ActiveCfg = Debug|Any CPU
		{F84195F2-D942-4416-B5CB-02C5F59C6D6F}.Debug|x64.Build.0 = Debug|Any CPU
		{F84195F2-D942-4416-B5CB-02C5F59C6D6F}.Debug|x86.ActiveCfg = Debug|Any CPU
		{F84195F2-D942-4416-B5CB-02C5F59C6D6F}.Debug|x86.Build.0 = Debug|Any CPU
		{F84195F2-D942-4416-B5CB-02C5F59C6D6F}.Release|Any CPU.ActiveCfg = Release|Any CPU
		{F84195F2-D942-4416-B5CB-02C5F59C6D6F}.Release|Any CPU.Build.0 = Release|Any CPU
		{F84195F2-D942-4416-B5CB-02C5F59C6D6F}.Release|x64.ActiveCfg = Release|Any CPU
		{F84195F2-D942-4416-B5CB-02C5F59C6D6F}.Release|x64.Build.0 = Release|Any CPU
		{F84195F2-D942-4416-B5CB-02C5F59C6D6F}.Release|x86.ActiveCfg = Release|Any CPU
		{F84195F2-D942-4416-B5CB-02C5F59C6D6F}.Release|x86.Build.0 = Release|Any CPU
		{4FE24FF2-47E9-4204-B686-51CD82E5F256}.Debug|Any CPU.ActiveCfg = Debug|Any CPU
		{4FE24FF2-47E9-4204-B686-51CD82E5F256}.Debug|Any CPU.Build.0 = Debug|Any CPU
		{4FE24FF2-47E9-4204-B686-51CD82E5F256}.Debug|x64.ActiveCfg = Debug|Any CPU
		{4FE24FF2-47E9-4204-B686-51CD82E5F256}.Debug|x64.Build.0 = Debug|Any CPU
		{4FE24FF2-47E9-4204-B686-51CD82E5F256}.Debug|x86.ActiveCfg = Debug|Any CPU
		{4FE24FF2-47E9-4204-B686-51CD82E5F256}.Debug|x86.Build.0 = Debug|Any CPU
		{4FE24FF2-47E9-4204-B686-51CD82E5F256}.Release|Any CPU.ActiveCfg = Release|Any CPU
		{4FE24FF2-47E9-4204-B686-51CD82E5F256}.Release|Any CPU.Build.0 = Release|Any CPU
		{4FE24FF2-47E9-4204-B686-51CD82E5F256}.Release|x64.ActiveCfg = Release|Any CPU
		{4FE24FF2-47E9-4204-B686-51CD82E5F256}.Release|x64.Build.0 = Release|Any CPU
		{4FE24FF2-47E9-4204-B686-51CD82E5F256}.Release|x86.ActiveCfg = Release|Any CPU
		{4FE24FF2-47E9-4204-B686-51CD82E5F256}.Release|x86.Build.0 = Release|Any CPU
		{F25AFC4A-7E71-4DE8-9029-01EFAC0F8414}.Debug|Any CPU.ActiveCfg = Debug|Any CPU
		{F25AFC4A-7E71-4DE8-9029-01EFAC0F8414}.Debug|Any CPU.Build.0 = Debug|Any CPU
		{F25AFC4A-7E71-4DE8-9029-01EFAC0F8414}.Debug|x64.ActiveCfg = Debug|Any CPU
		{F25AFC4A-7E71-4DE8-9029-01EFAC0F8414}.Debug|x64.Build.0 = Debug|Any CPU
		{F25AFC4A-7E71-4DE8-9029-01EFAC0F8414}.Debug|x86.ActiveCfg = Debug|Any CPU
		{F25AFC4A-7E71-4DE8-9029-01EFAC0F8414}.Debug|x86.Build.0 = Debug|Any CPU
		{F25AFC4A-7E71-4DE8-9029-01EFAC0F8414}.Release|Any CPU.ActiveCfg = Release|Any CPU
		{F25AFC4A-7E71-4DE8-9029-01EFAC0F8414}.Release|Any CPU.Build.0 = Release|Any CPU
		{F25AFC4A-7E71-4DE8-9029-01EFAC0F8414}.Release|x64.ActiveCfg = Release|Any CPU
		{F25AFC4A-7E71-4DE8-9029-01EFAC0F8414}.Release|x64.Build.0 = Release|Any CPU
		{F25AFC4A-7E71-4DE8-9029-01EFAC0F8414}.Release|x86.ActiveCfg = Release|Any CPU
		{F25AFC4A-7E71-4DE8-9029-01EFAC0F8414}.Release|x86.Build.0 = Release|Any CPU
		{9A33BAF1-36D7-42E5-9177-E3C0F9B7BFB5}.Debug|Any CPU.ActiveCfg = Debug|Any CPU
		{9A33BAF1-36D7-42E5-9177-E3C0F9B7BFB5}.Debug|Any CPU.Build.0 = Debug|Any CPU
		{9A33BAF1-36D7-42E5-9177-E3C0F9B7BFB5}.Debug|x64.ActiveCfg = Debug|Any CPU
		{9A33BAF1-36D7-42E5-9177-E3C0F9B7BFB5}.Debug|x64.Build.0 = Debug|Any CPU
		{9A33BAF1-36D7-42E5-9177-E3C0F9B7BFB5}.Debug|x86.ActiveCfg = Debug|Any CPU
		{9A33BAF1-36D7-42E5-9177-E3C0F9B7BFB5}.Debug|x86.Build.0 = Debug|Any CPU
		{9A33BAF1-36D7-42E5-9177-E3C0F9B7BFB5}.Release|Any CPU.ActiveCfg = Release|Any CPU
		{9A33BAF1-36D7-42E5-9177-E3C0F9B7BFB5}.Release|Any CPU.Build.0 = Release|Any CPU
		{9A33BAF1-36D7-42E5-9177-E3C0F9B7BFB5}.Release|x64.ActiveCfg = Release|Any CPU
		{9A33BAF1-36D7-42E5-9177-E3C0F9B7BFB5}.Release|x64.Build.0 = Release|Any CPU
		{9A33BAF1-36D7-42E5-9177-E3C0F9B7BFB5}.Release|x86.ActiveCfg = Release|Any CPU
		{9A33BAF1-36D7-42E5-9177-E3C0F9B7BFB5}.Release|x86.Build.0 = Release|Any CPU
		{AA68044E-C901-4DBF-A8A8-B8D9AEE8F949}.Debug|Any CPU.ActiveCfg = Debug|Any CPU
		{AA68044E-C901-4DBF-A8A8-B8D9AEE8F949}.Debug|Any CPU.Build.0 = Debug|Any CPU
		{AA68044E-C901-4DBF-A8A8-B8D9AEE8F949}.Debug|x64.ActiveCfg = Debug|Any CPU
		{AA68044E-C901-4DBF-A8A8-B8D9AEE8F949}.Debug|x64.Build.0 = Debug|Any CPU
		{AA68044E-C901-4DBF-A8A8-B8D9AEE8F949}.Debug|x86.ActiveCfg = Debug|Any CPU
		{AA68044E-C901-4DBF-A8A8-B8D9AEE8F949}.Debug|x86.Build.0 = Debug|Any CPU
		{AA68044E-C901-4DBF-A8A8-B8D9AEE8F949}.Release|Any CPU.ActiveCfg = Release|Any CPU
		{AA68044E-C901-4DBF-A8A8-B8D9AEE8F949}.Release|Any CPU.Build.0 = Release|Any CPU
		{AA68044E-C901-4DBF-A8A8-B8D9AEE8F949}.Release|x64.ActiveCfg = Release|Any CPU
		{AA68044E-C901-4DBF-A8A8-B8D9AEE8F949}.Release|x64.Build.0 = Release|Any CPU
		{AA68044E-C901-4DBF-A8A8-B8D9AEE8F949}.Release|x86.ActiveCfg = Release|Any CPU
		{AA68044E-C901-4DBF-A8A8-B8D9AEE8F949}.Release|x86.Build.0 = Release|Any CPU
		{80651926-24A8-4DF8-A29A-FAC140282EF7}.Debug|Any CPU.ActiveCfg = Debug|Any CPU
		{80651926-24A8-4DF8-A29A-FAC140282EF7}.Debug|Any CPU.Build.0 = Debug|Any CPU
		{80651926-24A8-4DF8-A29A-FAC140282EF7}.Debug|x64.ActiveCfg = Debug|Any CPU
		{80651926-24A8-4DF8-A29A-FAC140282EF7}.Debug|x64.Build.0 = Debug|Any CPU
		{80651926-24A8-4DF8-A29A-FAC140282EF7}.Debug|x86.ActiveCfg = Debug|Any CPU
		{80651926-24A8-4DF8-A29A-FAC140282EF7}.Debug|x86.Build.0 = Debug|Any CPU
		{80651926-24A8-4DF8-A29A-FAC140282EF7}.Release|Any CPU.ActiveCfg = Release|Any CPU
		{80651926-24A8-4DF8-A29A-FAC140282EF7}.Release|Any CPU.Build.0 = Release|Any CPU
		{80651926-24A8-4DF8-A29A-FAC140282EF7}.Release|x64.ActiveCfg = Release|Any CPU
		{80651926-24A8-4DF8-A29A-FAC140282EF7}.Release|x64.Build.0 = Release|Any CPU
		{80651926-24A8-4DF8-A29A-FAC140282EF7}.Release|x86.ActiveCfg = Release|Any CPU
		{80651926-24A8-4DF8-A29A-FAC140282EF7}.Release|x86.Build.0 = Release|Any CPU
		{82841321-65E7-45D3-AC30-90F82D89FF51}.Debug|Any CPU.ActiveCfg = Debug|Any CPU
		{82841321-65E7-45D3-AC30-90F82D89FF51}.Debug|Any CPU.Build.0 = Debug|Any CPU
		{82841321-65E7-45D3-AC30-90F82D89FF51}.Debug|x64.ActiveCfg = Debug|Any CPU
		{82841321-65E7-45D3-AC30-90F82D89FF51}.Debug|x64.Build.0 = Debug|Any CPU
		{82841321-65E7-45D3-AC30-90F82D89FF51}.Debug|x86.ActiveCfg = Debug|Any CPU
		{82841321-65E7-45D3-AC30-90F82D89FF51}.Debug|x86.Build.0 = Debug|Any CPU
		{82841321-65E7-45D3-AC30-90F82D89FF51}.Release|Any CPU.ActiveCfg = Release|Any CPU
		{82841321-65E7-45D3-AC30-90F82D89FF51}.Release|Any CPU.Build.0 = Release|Any CPU
		{82841321-65E7-45D3-AC30-90F82D89FF51}.Release|x64.ActiveCfg = Release|Any CPU
		{82841321-65E7-45D3-AC30-90F82D89FF51}.Release|x64.Build.0 = Release|Any CPU
		{82841321-65E7-45D3-AC30-90F82D89FF51}.Release|x86.ActiveCfg = Release|Any CPU
		{82841321-65E7-45D3-AC30-90F82D89FF51}.Release|x86.Build.0 = Release|Any CPU
		{26987725-FA02-4DD2-A6A8-2FFF98263115}.Debug|Any CPU.ActiveCfg = Debug|Any CPU
		{26987725-FA02-4DD2-A6A8-2FFF98263115}.Debug|Any CPU.Build.0 = Debug|Any CPU
		{26987725-FA02-4DD2-A6A8-2FFF98263115}.Debug|x64.ActiveCfg = Debug|Any CPU
		{26987725-FA02-4DD2-A6A8-2FFF98263115}.Debug|x64.Build.0 = Debug|Any CPU
		{26987725-FA02-4DD2-A6A8-2FFF98263115}.Debug|x86.ActiveCfg = Debug|Any CPU
		{26987725-FA02-4DD2-A6A8-2FFF98263115}.Debug|x86.Build.0 = Debug|Any CPU
		{26987725-FA02-4DD2-A6A8-2FFF98263115}.Release|Any CPU.ActiveCfg = Release|Any CPU
		{26987725-FA02-4DD2-A6A8-2FFF98263115}.Release|Any CPU.Build.0 = Release|Any CPU
		{26987725-FA02-4DD2-A6A8-2FFF98263115}.Release|x64.ActiveCfg = Release|Any CPU
		{26987725-FA02-4DD2-A6A8-2FFF98263115}.Release|x64.Build.0 = Release|Any CPU
		{26987725-FA02-4DD2-A6A8-2FFF98263115}.Release|x86.ActiveCfg = Release|Any CPU
		{26987725-FA02-4DD2-A6A8-2FFF98263115}.Release|x86.Build.0 = Release|Any CPU
		{B18E4E39-1B21-442F-B542-2100945BB10F}.Debug|Any CPU.ActiveCfg = Debug|Any CPU
		{B18E4E39-1B21-442F-B542-2100945BB10F}.Debug|Any CPU.Build.0 = Debug|Any CPU
		{B18E4E39-1B21-442F-B542-2100945BB10F}.Debug|x64.ActiveCfg = Debug|Any CPU
		{B18E4E39-1B21-442F-B542-2100945BB10F}.Debug|x64.Build.0 = Debug|Any CPU
		{B18E4E39-1B21-442F-B542-2100945BB10F}.Debug|x86.ActiveCfg = Debug|Any CPU
		{B18E4E39-1B21-442F-B542-2100945BB10F}.Debug|x86.Build.0 = Debug|Any CPU
		{B18E4E39-1B21-442F-B542-2100945BB10F}.Release|Any CPU.ActiveCfg = Release|Any CPU
		{B18E4E39-1B21-442F-B542-2100945BB10F}.Release|Any CPU.Build.0 = Release|Any CPU
		{B18E4E39-1B21-442F-B542-2100945BB10F}.Release|x64.ActiveCfg = Release|Any CPU
		{B18E4E39-1B21-442F-B542-2100945BB10F}.Release|x64.Build.0 = Release|Any CPU
		{B18E4E39-1B21-442F-B542-2100945BB10F}.Release|x86.ActiveCfg = Release|Any CPU
		{B18E4E39-1B21-442F-B542-2100945BB10F}.Release|x86.Build.0 = Release|Any CPU
		{7C97CCE5-716A-A9DB-3EBB-4D467AFDC1D0}.Debug|Any CPU.ActiveCfg = Debug|Any CPU
		{7C97CCE5-716A-A9DB-3EBB-4D467AFDC1D0}.Debug|Any CPU.Build.0 = Debug|Any CPU
		{7C97CCE5-716A-A9DB-3EBB-4D467AFDC1D0}.Debug|x64.ActiveCfg = Debug|Any CPU
		{7C97CCE5-716A-A9DB-3EBB-4D467AFDC1D0}.Debug|x64.Build.0 = Debug|Any CPU
		{7C97CCE5-716A-A9DB-3EBB-4D467AFDC1D0}.Debug|x86.ActiveCfg = Debug|Any CPU
		{7C97CCE5-716A-A9DB-3EBB-4D467AFDC1D0}.Debug|x86.Build.0 = Debug|Any CPU
		{7C97CCE5-716A-A9DB-3EBB-4D467AFDC1D0}.Release|Any CPU.ActiveCfg = Release|Any CPU
		{7C97CCE5-716A-A9DB-3EBB-4D467AFDC1D0}.Release|Any CPU.Build.0 = Release|Any CPU
		{7C97CCE5-716A-A9DB-3EBB-4D467AFDC1D0}.Release|x64.ActiveCfg = Release|Any CPU
		{7C97CCE5-716A-A9DB-3EBB-4D467AFDC1D0}.Release|x64.Build.0 = Release|Any CPU
		{7C97CCE5-716A-A9DB-3EBB-4D467AFDC1D0}.Release|x86.ActiveCfg = Release|Any CPU
		{7C97CCE5-716A-A9DB-3EBB-4D467AFDC1D0}.Release|x86.Build.0 = Release|Any CPU
	EndGlobalSection
	GlobalSection(SolutionProperties) = preSolution
		HideSolutionNode = FALSE
	EndGlobalSection
	GlobalSection(NestedProjects) = preSolution
		{5DE923BB-D23E-45D7-B4D2-76B373D2E980} = {3DE1B605-097D-4BF8-BE1E-FFF7E1B5C3B6}
		{F84195F2-D942-4416-B5CB-02C5F59C6D6F} = {3DE1B605-097D-4BF8-BE1E-FFF7E1B5C3B6}
		{4FE24FF2-47E9-4204-B686-51CD82E5F256} = {3DE1B605-097D-4BF8-BE1E-FFF7E1B5C3B6}
		{F25AFC4A-7E71-4DE8-9029-01EFAC0F8414} = {3DE1B605-097D-4BF8-BE1E-FFF7E1B5C3B6}
		{AA68044E-C901-4DBF-A8A8-B8D9AEE8F949} = {3DE1B605-097D-4BF8-BE1E-FFF7E1B5C3B6}
		{80651926-24A8-4DF8-A29A-FAC140282EF7} = {3DE1B605-097D-4BF8-BE1E-FFF7E1B5C3B6}
		{82841321-65E7-45D3-AC30-90F82D89FF51} = {3DE1B605-097D-4BF8-BE1E-FFF7E1B5C3B6}
		{26987725-FA02-4DD2-A6A8-2FFF98263115} = {3DE1B605-097D-4BF8-BE1E-FFF7E1B5C3B6}
		{B18E4E39-1B21-442F-B542-2100945BB10F} = {3DE1B605-097D-4BF8-BE1E-FFF7E1B5C3B6}
		{7C97CCE5-716A-A9DB-3EBB-4D467AFDC1D0} = {3DE1B605-097D-4BF8-BE1E-FFF7E1B5C3B6}
	EndGlobalSection
	GlobalSection(ExtensibilityGlobals) = postSolution
		SolutionGuid = {F2F240A0-5675-4986-BC2F-484922144592}
	EndGlobalSection
EndGlobal
